dependencies:
  LED:
    component_hash: f0b813ad0cc12447bf0ad655b28e4c0726a3bd655b40360a770ef8b750e70e67
    source:
      git: https://github.com/ironmanwin1/LED_Test.git
      path: components/LED
      type: git
    version: 38c8eb5ad5dab7857f74fe0f8547e04c0a937521
  idf:
    component_hash: null
    source:
      type: idf
    version: 5.2.2
manifest_hash: 14d8c6e91f814d59f2876a9b6ec2aed057b82aa58eb13000e119c89852feee90
target: esp32
version: 1.0.0
